
Microsoft Visual Studio Solution File, Format Version 12.00
# Visual Studio Version 17
VisualStudioVersion = 17.5.33530.505
MinimumVisualStudioVersion = 10.0.40219.1
Project("{FAE04EC0-301F-11D3-BF4B-00C04F79EFBC}") = "ClothesShop", "ClothesShop\ClothesShop.csproj", "{A778E780-E96F-4AD5-9498-A720585677B0}"
EndProject
Global
	GlobalSection(SolutionConfigurationPlatforms) = preSolution
		Debug|Any CPU = Debug|Any CPU
		Release|Any CPU = Release|Any CPU
	EndGlobalSection
	GlobalSection(ProjectConfigurationPlatforms) = postSolution
		{A778E780-E96F-4AD5-9498-A720585677B0}.Debug|Any CPU.ActiveCfg = Debug|Any CPU
		{A778E780-E96F-4AD5-9498-A720585677B0}.Debug|Any CPU.Build.0 = Debug|Any CPU
		{A778E780-E96F-4AD5-9498-A720585677B0}.Release|Any CPU.ActiveCfg = Release|Any CPU
		{A778E780-E96F-4AD5-9498-A720585677B0}.Release|Any CPU.Build.0 = Release|Any CPU
	EndGlobalSection
	GlobalSection(SolutionProperties) = preSolution
		HideSolutionNode = FALSE
	EndGlobalSection
	GlobalSection(ExtensibilityGlobals) = postSolution
		SolutionGuid = {EFFE9C76-BC41-4E61-B402-2C52140DA340}
	EndGlobalSection
EndGlobal
